{
  "name": "@kmamal/math",
  "version": "0.0.9",
  "lockfileVersion": 1,
  "requires": true,
  "dependencies": {
    "@kmamal/testing": {
      "version": "git@github.com:kmamal/testing#eef7a4f4c1bddc49d92b135150db2c631e62f0a6",
      "from": "git@github.com:kmamal/testing#semver:*",
      "requires": {
        "@kmamal/util": "git@github.com:kmamal/util#semver:*"
      }
    },
    "@kmamal/util": {
      "version": "git@github.com:kmamal/util#7b553dd07e117b797802b3555a3c7d4b62d83709",
      "from": "git@github.com:kmamal/util#semver:*"
    }
  }
}
