{
  "name": "@xyz/math",
  "version": "0.0.5",
  "lockfileVersion": 1,
  "requires": true,
  "dependencies": {
    "@xyz/testing": {
      "version": "git:repos/testing#eef7a4f4c1bddc49d92b135150db2c631e62f0a6",
      "from": "git:repos/testing#semver:*",
      "requires": {
        "@xyz/util": "git:repos/util#semver:*"
      }
    },
    "@xyz/util": {
      "version": "git:repos/util#85f8c6f4ae6be1d3a3c6b46a974bf4dc20f04157",
      "from": "git:repos/util#semver:*"
    }
  }
}
