{
  "name": "@xyz/math",
  "version": "0.0.8",
  "lockfileVersion": 1,
  "requires": true,
  "dependencies": {
    "@xyz/testing": {
      "version": "git:repos/testing#eef7a4f4c1bddc49d92b135150db2c631e62f0a6",
      "from": "git:repos/testing#semver:*",
      "requires": {
        "@xyz/util": "git:repos/util#semver:*"
      }
    },
    "@xyz/util": {
      "version": "git:repos/util#9e4868c8dadc138c14437f6f1428a5c4773ea780",
      "from": "git:repos/util#semver:*"
    }
  }
}
